
Microsoft Visual Studio Solution File, Format Version 12.00
# Visual Studio Version 16
VisualStudioVersion = 16.0.29728.190
MinimumVisualStudioVersion = 10.0.40219.1
Project("{FAE04EC0-301F-11D3-BF4B-00C04F79EFBC}") = "Rist_Camping", "Rist_Camping\Rist_Camping.csproj", "{727FBD43-4BAB-494B-8B41-FC8CF0FDC97D}"
EndProject
Global
	GlobalSection(SolutionConfigurationPlatforms) = preSolution
		Debug|Any CPU = Debug|Any CPU
		Release|Any CPU = Release|Any CPU
	EndGlobalSection
	GlobalSection(ProjectConfigurationPlatforms) = postSolution
		{727FBD43-4BAB-494B-8B41-FC8CF0FDC97D}.Debug|Any CPU.ActiveCfg = Debug|Any CPU
		{727FBD43-4BAB-494B-8B41-FC8CF0FDC97D}.Debug|Any CPU.Build.0 = Debug|Any CPU
		{727FBD43-4BAB-494B-8B41-FC8CF0FDC97D}.Release|Any CPU.ActiveCfg = Release|Any CPU
		{727FBD43-4BAB-494B-8B41-FC8CF0FDC97D}.Release|Any CPU.Build.0 = Release|Any CPU
	EndGlobalSection
	GlobalSection(SolutionProperties) = preSolution
		HideSolutionNode = FALSE
	EndGlobalSection
	GlobalSection(ExtensibilityGlobals) = postSolution
		SolutionGuid = {D023C680-82F2-485C-B496-CECF91EC089B}
	EndGlobalSection
EndGlobal
